// !$*UTF8*$!
{
	archiveVersion = 1;
	classes = {
	};
	objectVersion = 55;
	objects = {

/* Begin PBXBuildFile section */
		188CF7922938EFC300F4D82C /* AppDelegate.swift in Sources */ = {isa = PBXBuildFile; fileRef = 188CF7912938EFC300F4D82C /* AppDelegate.swift */; };
		188CF7942938EFC300F4D82C /* SceneDelegate.swift in Sources */ = {isa = PBXBuildFile; fileRef = 188CF7932938EFC300F4D82C /* SceneDelegate.swift */; };
		188CF7962938EFC300F4D82C /* ViewController.swift in Sources */ = {isa = PBXBuildFile; fileRef = 188CF7952938EFC300F4D82C /* ViewController.swift */; };
		188CF7992938EFC300F4D82C /* Main.storyboard in Resources */ = {isa = PBXBuildFile; fileRef = 188CF7972938EFC300F4D82C /* Main.storyboard */; };
		188CF79C2938EFC300F4D82C /* CalculatorApp.xcdatamodeld in Sources */ = {isa = PBXBuildFile; fileRef = 188CF79A2938EFC300F4D82C /* CalculatorApp.xcdatamodeld */; };
		188CF79E2938EFC700F4D82C /* Assets.xcassets in Resources */ = {isa = PBXBuildFile; fileRef = 188CF79D2938EFC700F4D82C /* Assets.xcassets */; };
		188CF7A12938EFC700F4D82C /* LaunchScreen.storyboard in Resources */ = {isa = PBXBuildFile; fileRef = 188CF79F2938EFC700F4D82C /* LaunchScreen.storyboard */; };
		188CF7AC2938EFC700F4D82C /* CalculatorAppTests.swift in Sources */ = {isa = PBXBuildFile; fileRef = 188CF7AB2938EFC700F4D82C /* CalculatorAppTests.swift */; };
		188CF7B62938EFC700F4D82C /* CalculatorAppUITests.swift in Sources */ = {isa = PBXBuildFile; fileRef = 188CF7B52938EFC700F4D82C /* CalculatorAppUITests.swift */; };
		188CF7B82938EFC700F4D82C /* CalculatorAppUITestsLaunchTests.swift in Sources */ = {isa = PBXBuildFile; fileRef = 188CF7B72938EFC700F4D82C /* CalculatorAppUITestsLaunchTests.swift */; };
/* End PBXBuildFile section */

/* Begin PBXContainerItemProxy section */
		188CF7A82938EFC700F4D82C /* PBXContainerItemProxy */ = {
			isa = PBXContainerItemProxy;
			containerPortal = 188CF7862938EFC300F4D82C /* Project object */;
			proxyType = 1;
			remoteGlobalIDString = 188CF78D2938EFC300F4D82C;
			remoteInfo = CalculatorApp;
		};
		188CF7B22938EFC700F4D82C /* PBXContainerItemProxy */ = {
			isa = PBXContainerItemProxy;
			containerPortal = 188CF7862938EFC300F4D82C /* Project object */;
			proxyType = 1;
			remoteGlobalIDString = 188CF78D2938EFC300F4D82C;
			remoteInfo = CalculatorApp;
		};
/* End PBXContainerItemProxy section */

/* Begin PBXFileReference section */
		188CF78E2938EFC300F4D82C /* CalculatorApp.app */ = {isa = PBXFileReference; explicitFileType = wrapper.application; includeInIndex = 0; path = CalculatorApp.app; sourceTree = BUILT_PRODUCTS_DIR; };
		188CF7912938EFC300F4D82C /* AppDelegate.swift */ = {isa = PBXFileReference; lastKnownFileType = sourcecode.swift; path = AppDelegate.swift; sourceTree = "<group>"; };
		188CF7932938EFC300F4D82C /* SceneDelegate.swift */ = {isa = PBXFileReference; lastKnownFileType = sourcecode.swift; path = SceneDelegate.swift; sourceTree = "<group>"; };
		188CF7952938EFC300F4D82C /* ViewController.swift */ = {isa = PBXFileReference; lastKnownFileType = sourcecode.swift; path = ViewController.swift; sourceTree = "<group>"; };
		188CF7982938EFC300F4D82C /* Base */ = {isa = PBXFileReference; lastKnownFileType = file.storyboard; name = Base; path = Base.lproj/Main.storyboard; sourceTree = "<group>"; };
		188CF79B2938EFC300F4D82C /* CalculatorApp.xcdatamodel */ = {isa = PBXFileReference; lastKnownFileType = wrapper.xcdatamodel; path = CalculatorApp.xcdatamodel; sourceTree = "<group>"; };
		188CF79D2938EFC700F4D82C /* Assets.xcassets */ = {isa = PBXFileReference; lastKnownFileType = folder.assetcatalog; path = Assets.xcassets; sourceTree = "<group>"; };
		188CF7A02938EFC700F4D82C /* Base */ = {isa = PBXFileReference; lastKnownFileType = file.storyboard; name = Base; path = Base.lproj/LaunchScreen.storyboard; sourceTree = "<group>"; };
		188CF7A22938EFC700F4D82C /* Info.plist */ = {isa = PBXFileReference; lastKnownFileType = text.plist.xml; path = Info.plist; sourceTree = "<group>"; };
		188CF7A72938EFC700F4D82C /* CalculatorAppTests.xctest */ = {isa = PBXFileReference; explicitFileType = wrapper.cfbundle; includeInIndex = 0; path = CalculatorAppTests.xctest; sourceTree = BUILT_PRODUCTS_DIR; };
		188CF7AB2938EFC700F4D82C /* CalculatorAppTests.swift */ = {isa = PBXFileReference; lastKnownFileType = sourcecode.swift; path = CalculatorAppTests.swift; sourceTree = "<group>"; };
		188CF7B12938EFC700F4D82C /* CalculatorAppUITests.xctest */ = {isa = PBXFileReference; explicitFileType = wrapper.cfbundle; includeInIndex = 0; path = CalculatorAppUITests.xctest; sourceTree = BUILT_PRODUCTS_DIR; };
		188CF7B52938EFC700F4D82C /* CalculatorAppUITests.swift */ = {isa = PBXFileReference; lastKnownFileType = sourcecode.swift; path = CalculatorAppUITests.swift; sourceTree = "<group>"; };
		188CF7B72938EFC700F4D82C /* CalculatorAppUITestsLaunchTests.swift */ = {isa = PBXFileReference; lastKnownFileType = sourcecode.swift; path = CalculatorAppUITestsLaunchTests.swift; sourceTree = "<group>"; };
/* End PBXFileReference section */

/* Begin PBXFrameworksBuildPhase section */
		188CF78B2938EFC300F4D82C /* Frameworks */ = {
			isa = PBXFrameworksBuildPhase;
			buildActionMask = 2147483647;
			files = (
			);
			runOnlyForDeploymentPostprocessing = 0;
		};
		188CF7A42938EFC700F4D82C /* Frameworks */ = {
			isa = PBXFrameworksBuildPhase;
			buildActionMask = 2147483647;
			files = (
			);
			runOnlyForDeploymentPostprocessing = 0;
		};
		188CF7AE2938EFC700F4D82C /* Frameworks */ = {
			isa = PBXFrameworksBuildPhase;
			buildActionMask = 2147483647;
			files = (
			);
			runOnlyForDeploymentPostprocessing = 0;
		};
/* End PBXFrameworksBuildPhase section */

/* Begin PBXGroup section */
		188CF7852938EFC300F4D82C = {
			isa = PBXGroup;
			children = (
				188CF7902938EFC300F4D82C /* CalculatorApp */,
				188CF7AA2938EFC700F4D82C /* CalculatorAppTests */,
				188CF7B42938EFC700F4D82C /* CalculatorAppUITests */,
				188CF78F2938EFC300F4D82C /* Products */,
			);
			sourceTree = "<group>";
		};
		188CF78F2938EFC300F4D82C /* Products */ = {
			isa = PBXGroup;
			children = (
				188CF78E2938EFC300F4D82C /* CalculatorApp.app */,
				188CF7A72938EFC700F4D82C /* CalculatorAppTests.xctest */,
				188CF7B12938EFC700F4D82C /* CalculatorAppUITests.xctest */,
			);
			name = Products;
			sourceTree = "<group>";
		};
		188CF7902938EFC300F4D82C /* CalculatorApp */ = {
			isa = PBXGroup;
			children = (
				188CF7912938EFC300F4D82C /* AppDelegate.swift */,
				188CF7932938EFC300F4D82C /* SceneDelegate.swift */,
				188CF7952938EFC300F4D82C /* ViewController.swift */,
				188CF7972938EFC300F4D82C /* Main.storyboard */,
				188CF79D2938EFC700F4D82C /* Assets.xcassets */,
				188CF79F2938EFC700F4D82C /* LaunchScreen.storyboard */,
				188CF7A22938EFC700F4D82C /* Info.plist */,
				188CF79A2938EFC300F4D82C /* CalculatorApp.xcdatamodeld */,
			);
			path = CalculatorApp;
			sourceTree = "<group>";
		};
		188CF7AA2938EFC700F4D82C /* CalculatorAppTests */ = {
			isa = PBXGroup;
			children = (
				188CF7AB2938EFC700F4D82C /* CalculatorAppTests.swift */,
			);
			path = CalculatorAppTests;
			sourceTree = "<group>";
		};
		188CF7B42938EFC700F4D82C /* CalculatorAppUITests */ = {
			isa = PBXGroup;
			children = (
				188CF7B52938EFC700F4D82C /* CalculatorAppUITests.swift */,
				188CF7B72938EFC700F4D82C /* CalculatorAppUITestsLaunchTests.swift */,
			);
			path = CalculatorAppUITests;
			sourceTree = "<group>";
		};
/* End PBXGroup section */

/* Begin PBXNativeTarget section */
		188CF78D2938EFC300F4D82C /* CalculatorApp */ = {
			isa = PBXNativeTarget;
			buildConfigurationList = 188CF7BB2938EFC700F4D82C /* Build configuration list for PBXNativeTarget "CalculatorApp" */;
			buildPhases = (
				188CF78A2938EFC300F4D82C /* Sources */,
				188CF78B2938EFC300F4D82C /* Frameworks */,
				188CF78C2938EFC300F4D82C /* Resources */,
			);
			buildRules = (
			);
			dependencies = (
			);
			name = CalculatorApp;
			productName = CalculatorApp;
			productReference = 188CF78E2938EFC300F4D82C /* CalculatorApp.app */;
			productType = "com.apple.product-type.application";
		};
		188CF7A62938EFC700F4D82C /* CalculatorAppTests */ = {
			isa = PBXNativeTarget;
			buildConfigurationList = 188CF7BE2938EFC700F4D82C /* Build configuration list for PBXNativeTarget "CalculatorAppTests" */;
			buildPhases = (
				188CF7A32938EFC700F4D82C /* Sources */,
				188CF7A42938EFC700F4D82C /* Frameworks */,
				188CF7A52938EFC700F4D82C /* Resources */,
			);
			buildRules = (
			);
			dependencies = (
				188CF7A92938EFC700F4D82C /* PBXTargetDependency */,
			);
			name = CalculatorAppTests;
			productName = CalculatorAppTests;
			productReference = 188CF7A72938EFC700F4D82C /* CalculatorAppTests.xctest */;
			productType = "com.apple.product-type.bundle.unit-test";
		};
		188CF7B02938EFC700F4D82C /* CalculatorAppUITests */ = {
			isa = PBXNativeTarget;
			buildConfigurationList = 188CF7C12938EFC700F4D82C /* Build configuration list for PBXNativeTarget "CalculatorAppUITests" */;
			buildPhases = (
				188CF7AD2938EFC700F4D82C /* Sources */,
				188CF7AE2938EFC700F4D82C /* Frameworks */,
				188CF7AF2938EFC700F4D82C /* Resources */,
			);
			buildRules = (
			);
			dependencies = (
				188CF7B32938EFC700F4D82C /* PBXTargetDependency */,
			);
			name = CalculatorAppUITests;
			productName = CalculatorAppUITests;
			productReference = 188CF7B12938EFC700F4D82C /* CalculatorAppUITests.xctest */;
			productType = "com.apple.product-type.bundle.ui-testing";
		};
/* End PBXNativeTarget section */

/* Begin PBXProject section */
		188CF7862938EFC300F4D82C /* Project object */ = {
			isa = PBXProject;
			attributes = {
				BuildIndependentTargetsInParallel = 1;
				LastSwiftUpdateCheck = 1340;
				LastUpgradeCheck = 1340;
				TargetAttributes = {
					188CF78D2938EFC300F4D82C = {
						CreatedOnToolsVersion = 13.4.1;
					};
					188CF7A62938EFC700F4D82C = {
						CreatedOnToolsVersion = 13.4.1;
						TestTargetID = 188CF78D2938EFC300F4D82C;
					};
					188CF7B02938EFC700F4D82C = {
						CreatedOnToolsVersion = 13.4.1;
						TestTargetID = 188CF78D2938EFC300F4D82C;
					};
				};
			};
			buildConfigurationList = 188CF7892938EFC300F4D82C /* Build configuration list for PBXProject "CalculatorApp" */;
			compatibilityVersion = "Xcode 13.0";
			developmentRegion = en;
			hasScannedForEncodings = 0;
			knownRegions = (
				en,
				Base,
			);
			mainGroup = 188CF7852938EFC300F4D82C;
			productRefGroup = 188CF78F2938EFC300F4D82C /* Products */;
			projectDirPath = "";
			projectRoot = "";
			targets = (
				188CF78D2938EFC300F4D82C /* CalculatorApp */,
				188CF7A62938EFC700F4D82C /* CalculatorAppTests */,
				188CF7B02938EFC700F4D82C /* CalculatorAppUITests */,
			);
		};
/* End PBXProject section */

/* Begin PBXResourcesBuildPhase section */
		188CF78C2938EFC300F4D82C /* Resources */ = {
			isa = PBXResourcesBuildPhase;
			buildActionMask = 2147483647;
			files = (
				188CF7A12938EFC700F4D82C /* LaunchScreen.storyboard in Resources */,
				188CF79E2938EFC700F4D82C /* Assets.xcassets in Resources */,
				188CF7992938EFC300F4D82C /* Main.storyboard in Resources */,
			);
			runOnlyForDeploymentPostprocessing = 0;
		};
		188CF7A52938EFC700F4D82C /* Resources */ = {
			isa = PBXResourcesBuildPhase;
			buildActionMask = 2147483647;
			files = (
			);
			runOnlyForDeploymentPostprocessing = 0;
		};
		188CF7AF2938EFC700F4D82C /* Resources */ = {
			isa = PBXResourcesBuildPhase;
			buildActionMask = 2147483647;
			files = (
			);
			runOnlyForDeploymentPostprocessing = 0;
		};
/* End PBXResourcesBuildPhase section */

/* Begin PBXSourcesBuildPhase section */
		188CF78A2938EFC300F4D82C /* Sources */ = {
			isa = PBXSourcesBuildPhase;
			buildActionMask = 2147483647;
			files = (
				188CF7962938EFC300F4D82C /* ViewController.swift in Sources */,
				188CF79C2938EFC300F4D82C /* CalculatorApp.xcdatamodeld in Sources */,
				188CF7922938EFC300F4D82C /* AppDelegate.swift in Sources */,
				188CF7942938EFC300F4D82C /* SceneDelegate.swift in Sources */,
			);
			runOnlyForDeploymentPostprocessing = 0;
		};
		188CF7A32938EFC700F4D82C /* Sources */ = {
			isa = PBXSourcesBuildPhase;
			buildActionMask = 2147483647;
			files = (
				188CF7AC2938EFC700F4D82C /* CalculatorAppTests.swift in Sources */,
			);
			runOnlyForDeploymentPostprocessing = 0;
		};
		188CF7AD2938EFC700F4D82C /* Sources */ = {
			isa = PBXSourcesBuildPhase;
			buildActionMask = 2147483647;
			files = (
				188CF7B82938EFC700F4D82C /* CalculatorAppUITestsLaunchTests.swift in Sources */,
				188CF7B62938EFC700F4D82C /* CalculatorAppUITests.swift in Sources */,
			);
			runOnlyForDeploymentPostprocessing = 0;
		};
/* End PBXSourcesBuildPhase section */

/* Begin PBXTargetDependency section */
		188CF7A92938EFC700F4D82C /* PBXTargetDependency */ = {
			isa = PBXTargetDependency;
			target = 188CF78D2938EFC300F4D82C /* CalculatorApp */;
			targetProxy = 188CF7A82938EFC700F4D82C /* PBXContainerItemProxy */;
		};
		188CF7B32938EFC700F4D82C /* PBXTargetDependency */ = {
			isa = PBXTargetDependency;
			target = 188CF78D2938EFC300F4D82C /* CalculatorApp */;
			targetProxy = 188CF7B22938EFC700F4D82C /* PBXContainerItemProxy */;
		};
/* End PBXTargetDependency section */

/* Begin PBXVariantGroup section */
		188CF7972938EFC300F4D82C /* Main.storyboard */ = {
			isa = PBXVariantGroup;
			children = (
				188CF7982938EFC300F4D82C /* Base */,
			);
			name = Main.storyboard;
			sourceTree = "<group>";
		};
		188CF79F2938EFC700F4D82C /* LaunchScreen.storyboard */ = {
			isa = PBXVariantGroup;
			children = (
				188CF7A02938EFC700F4D82C /* Base */,
			);
			name = LaunchScreen.storyboard;
			sourceTree = "<group>";
		};
/* End PBXVariantGroup section */

/* Begin XCBuildConfiguration section */
		188CF7B92938EFC700F4D82C /* Debug */ = {
			isa = XCBuildConfiguration;
			buildSettings = {
				ALWAYS_SEARCH_USER_PATHS = NO;
				CLANG_ANALYZER_NONNULL = YES;
				CLANG_ANALYZER_NUMBER_OBJECT_CONVERSION = YES_AGGRESSIVE;
				CLANG_CXX_LANGUAGE_STANDARD = "gnu++17";
				CLANG_ENABLE_MODULES = YES;
				CLANG_ENABLE_OBJC_ARC = YES;
				CLANG_ENABLE_OBJC_WEAK = YES;
				CLANG_WARN_BLOCK_CAPTURE_AUTORELEASING = YES;
				CLANG_WARN_BOOL_CONVERSION = YES;
				CLANG_WARN_COMMA = YES;
				CLANG_WARN_CONSTANT_CONVERSION = YES;
				CLANG_WARN_DEPRECATED_OBJC_IMPLEMENTATIONS = YES;
				CLANG_WARN_DIRECT_OBJC_ISA_USAGE = YES_ERROR;
				CLANG_WARN_DOCUMENTATION_COMMENTS = YES;
				CLANG_WARN_EMPTY_BODY = YES;
				CLANG_WARN_ENUM_CONVERSION = YES;
				CLANG_WARN_INFINITE_RECURSION = YES;
				CLANG_WARN_INT_CONVERSION = YES;
				CLANG_WARN_NON_LITERAL_NULL_CONVERSION = YES;
				CLANG_WARN_OBJC_IMPLICIT_RETAIN_SELF = YES;
				CLANG_WARN_OBJC_LITERAL_CONVERSION = YES;
				CLANG_WARN_OBJC_ROOT_CLASS = YES_ERROR;
				CLANG_WARN_QUOTED_INCLUDE_IN_FRAMEWORK_HEADER = YES;
				CLANG_WARN_RANGE_LOOP_ANALYSIS = YES;
				CLANG_WARN_STRICT_PROTOTYPES = YES;
				CLANG_WARN_SUSPICIOUS_MOVE = YES;
				CLANG_WARN_UNGUARDED_AVAILABILITY = YES_AGGRESSIVE;
				CLANG_WARN_UNREACHABLE_CODE = YES;
				CLANG_WARN__DUPLICATE_METHOD_MATCH = YES;
				COPY_PHASE_STRIP = NO;
				DEBUG_INFORMATION_FORMAT = dwarf;
				ENABLE_STRICT_OBJC_MSGSEND = YES;
				ENABLE_TESTABILITY = YES;
				GCC_C_LANGUAGE_STANDARD = gnu11;
				GCC_DYNAMIC_NO_PIC = NO;
				GCC_NO_COMMON_BLOCKS = YES;
				GCC_OPTIMIZATION_LEVEL = 0;
				GCC_PREPROCESSOR_DEFINITIONS = (
					"DEBUG=1",
					"$(inherited)",
				);
				GCC_WARN_64_TO_32_BIT_CONVERSION = YES;
				GCC_WARN_ABOUT_RETURN_TYPE = YES_ERROR;
				GCC_WARN_UNDECLARED_SELECTOR = YES;
				GCC_WARN_UNINITIALIZED_AUTOS = YES_AGGRESSIVE;
				GCC_WARN_UNUSED_FUNCTION = YES;
				GCC_WARN_UNUSED_VARIABLE = YES;
				IPHONEOS_DEPLOYMENT_TARGET = 15.5;
				MTL_ENABLE_DEBUG_INFO = INCLUDE_SOURCE;
				MTL_FAST_MATH = YES;
				ONLY_ACTIVE_ARCH = YES;
				SDKROOT = iphoneos;
				SWIFT_ACTIVE_COMPILATION_CONDITIONS = DEBUG;
				SWIFT_OPTIMIZATION_LEVEL = "-Onone";
			};
			name = Debug;
		};
		188CF7BA2938EFC700F4D82C /* Release */ = {
			isa = XCBuildConfiguration;
			buildSettings = {
				ALWAYS_SEARCH_USER_PATHS = NO;
				CLANG_ANALYZER_NONNULL = YES;
				CLANG_ANALYZER_NUMBER_OBJECT_CONVERSION = YES_AGGRESSIVE;
				CLANG_CXX_LANGUAGE_STANDARD = "gnu++17";
				CLANG_ENABLE_MODULES = YES;
				CLANG_ENABLE_OBJC_ARC = YES;
				CLANG_ENABLE_OBJC_WEAK = YES;
				CLANG_WARN_BLOCK_CAPTURE_AUTORELEASING = YES;
				CLANG_WARN_BOOL_CONVERSION = YES;
				CLANG_WARN_COMMA = YES;
				CLANG_WARN_CONSTANT_CONVERSION = YES;
				CLANG_WARN_DEPRECATED_OBJC_IMPLEMENTATIONS = YES;
				CLANG_WARN_DIRECT_OBJC_ISA_USAGE = YES_ERROR;
				CLANG_WARN_DOCUMENTATION_COMMENTS = YES;
				CLANG_WARN_EMPTY_BODY = YES;
				CLANG_WARN_ENUM_CONVERSION = YES;
				CLANG_WARN_INFINITE_RECURSION = YES;
				CLANG_WARN_INT_CONVERSION = YES;
				CLANG_WARN_NON_LITERAL_NULL_CONVERSION = YES;
				CLANG_WARN_OBJC_IMPLICIT_RETAIN_SELF = YES;
				CLANG_WARN_OBJC_LITERAL_CONVERSION = YES;
				CLANG_WARN_OBJC_ROOT_CLASS = YES_ERROR;
				CLANG_WARN_QUOTED_INCLUDE_IN_FRAMEWORK_HEADER = YES;
				CLANG_WARN_RANGE_LOOP_ANALYSIS = YES;
				CLANG_WARN_STRICT_PROTOTYPES = YES;
				CLANG_WARN_SUSPICIOUS_MOVE = YES;
				CLANG_WARN_UNGUARDED_AVAILABILITY = YES_AGGRESSIVE;
				CLANG_WARN_UNREACHABLE_CODE = YES;
				CLANG_WARN__DUPLICATE_METHOD_MATCH = YES;
				COPY_PHASE_STRIP = NO;
				DEBUG_INFORMATION_FORMAT = "dwarf-with-dsym";
				ENABLE_NS_ASSERTIONS = NO;
				ENABLE_STRICT_OBJC_MSGSEND = YES;
				GCC_C_LANGUAGE_STANDARD = gnu11;
				GCC_NO_COMMON_BLOCKS = YES;
				GCC_WARN_64_TO_32_BIT_CONVERSION = YES;
				GCC_WARN_ABOUT_RETURN_TYPE = YES_ERROR;
				GCC_WARN_UNDECLARED_SELECTOR = YES;
				GCC_WARN_UNINITIALIZED_AUTOS = YES_AGGRESSIVE;
				GCC_WARN_UNUSED_FUNCTION = YES;
				GCC_WARN_UNUSED_VARIABLE = YES;
				IPHONEOS_DEPLOYMENT_TARGET = 15.5;
				MTL_ENABLE_DEBUG_INFO = NO;
				MTL_FAST_MATH = YES;
				SDKROOT = iphoneos;
				SWIFT_COMPILATION_MODE = wholemodule;
				SWIFT_OPTIMIZATION_LEVEL = "-O";
				VALIDATE_PRODUCT = YES;
			};
			name = Release;
		};
		188CF7BC2938EFC700F4D82C /* Debug */ = {
			isa = XCBuildConfiguration;
			buildSettings = {
				ASSETCATALOG_COMPILER_APPICON_NAME = AppIcon;
				ASSETCATALOG_COMPILER_GLOBAL_ACCENT_COLOR_NAME = AccentColor;
				CODE_SIGN_STYLE = Automatic;
				CURRENT_PROJECT_VERSION = 1;
				GENERATE_INFOPLIST_FILE = YES;
				INFOPLIST_FILE = CalculatorApp/Info.plist;
				INFOPLIST_KEY_UIApplicationSupportsIndirectInputEvents = YES;
				INFOPLIST_KEY_UILaunchStoryboardName = LaunchScreen;
				INFOPLIST_KEY_UIMainStoryboardFile = Main;
				INFOPLIST_KEY_UISupportedInterfaceOrientations_iPad = "UIInterfaceOrientationPortrait UIInterfaceOrientationPortraitUpsideDown UIInterfaceOrientationLandscapeLeft UIInterfaceOrientationLandscapeRight";
				INFOPLIST_KEY_UISupportedInterfaceOrientations_iPhone = "UIInterfaceOrientationPortrait UIInterfaceOrientationLandscapeLeft UIInterfaceOrientationLandscapeRight";
				LD_RUNPATH_SEARCH_PATHS = (
					"$(inherited)",
					"@executable_path/Frameworks",
				);
				MARKETING_VERSION = 1.0;
				PRODUCT_BUNDLE_IDENTIFIER = com.rs.CalculatorApp;
				PRODUCT_NAME = "$(TARGET_NAME)";
				SWIFT_EMIT_LOC_STRINGS = YES;
				SWIFT_VERSION = 5.0;
				TARGETED_DEVICE_FAMILY = "1,2";
			};
			name = Debug;
		};
		188CF7BD2938EFC700F4D82C /* Release */ = {
			isa = XCBuildConfiguration;
			buildSettings = {
				ASSETCATALOG_COMPILER_APPICON_NAME = AppIcon;
				ASSETCATALOG_COMPILER_GLOBAL_ACCENT_COLOR_NAME = AccentColor;
				CODE_SIGN_STYLE = Automatic;
				CURRENT_PROJECT_VERSION = 1;
				GENERATE_INFOPLIST_FILE = YES;
				INFOPLIST_FILE = CalculatorApp/Info.plist;
				INFOPLIST_KEY_UIApplicationSupportsIndirectInputEvents = YES;
				INFOPLIST_KEY_UILaunchStoryboardName = LaunchScreen;
				INFOPLIST_KEY_UIMainStoryboardFile = Main;
				INFOPLIST_KEY_UISupportedInterfaceOrientations_iPad = "UIInterfaceOrientationPortrait UIInterfaceOrientationPortraitUpsideDown UIInterfaceOrientationLandscapeLeft UIInterfaceOrientationLandscapeRight";
				INFOPLIST_KEY_UISupportedInterfaceOrientations_iPhone = "UIInterfaceOrientationPortrait UIInterfaceOrientationLandscapeLeft UIInterfaceOrientationLandscapeRight";
				LD_RUNPATH_SEARCH_PATHS = (
					"$(inherited)",
					"@executable_path/Frameworks",
				);
				MARKETING_VERSION = 1.0;
				PRODUCT_BUNDLE_IDENTIFIER = com.rs.CalculatorApp;
				PRODUCT_NAME = "$(TARGET_NAME)";
				SWIFT_EMIT_LOC_STRINGS = YES;
				SWIFT_VERSION = 5.0;
				TARGETED_DEVICE_FAMILY = "1,2";
			};
			name = Release;
		};
		188CF7BF2938EFC700F4D82C /* Debug */ = {
			isa = XCBuildConfiguration;
			buildSettings = {
				ALWAYS_EMBED_SWIFT_STANDARD_LIBRARIES = YES;
				BUNDLE_LOADER = "$(TEST_HOST)";
				CODE_SIGN_STYLE = Automatic;
				CURRENT_PROJECT_VERSION = 1;
				GENERATE_INFOPLIST_FILE = YES;
				IPHONEOS_DEPLOYMENT_TARGET = 15.5;
				MARKETING_VERSION = 1.0;
				PRODUCT_BUNDLE_IDENTIFIER = com.rs.CalculatorAppTests;
				PRODUCT_NAME = "$(TARGET_NAME)";
				SWIFT_EMIT_LOC_STRINGS = NO;
				SWIFT_VERSION = 5.0;
				TARGETED_DEVICE_FAMILY = "1,2";
				TEST_HOST = "$(BUILT_PRODUCTS_DIR)/CalculatorApp.app/CalculatorApp";
			};
			name = Debug;
		};
		188CF7C02938EFC700F4D82C /* Release */ = {
			isa = XCBuildConfiguration;
			buildSettings = {
				ALWAYS_EMBED_SWIFT_STANDARD_LIBRARIES = YES;
				BUNDLE_LOADER = "$(TEST_HOST)";
				CODE_SIGN_STYLE = Automatic;
				CURRENT_PROJECT_VERSION = 1;
				GENERATE_INFOPLIST_FILE = YES;
				IPHONEOS_DEPLOYMENT_TARGET = 15.5;
				MARKETING_VERSION = 1.0;
				PRODUCT_BUNDLE_IDENTIFIER = com.rs.CalculatorAppTests;
				PRODUCT_NAME = "$(TARGET_NAME)";
				SWIFT_EMIT_LOC_STRINGS = NO;
				SWIFT_VERSION = 5.0;
				TARGETED_DEVICE_FAMILY = "1,2";
				TEST_HOST = "$(BUILT_PRODUCTS_DIR)/CalculatorApp.app/CalculatorApp";
			};
			name = Release;
		};
		188CF7C22938EFC700F4D82C /* Debug */ = {
			isa = XCBuildConfiguration;
			buildSettings = {
				ALWAYS_EMBED_SWIFT_STANDARD_LIBRARIES = YES;
				CODE_SIGN_STYLE = Automatic;
				CURRENT_PROJECT_VERSION = 1;
				GENERATE_INFOPLIST_FILE = YES;
				MARKETING_VERSION = 1.0;
				PRODUCT_BUNDLE_IDENTIFIER = com.rs.CalculatorAppUITests;
				PRODUCT_NAME = "$(TARGET_NAME)";
				SWIFT_EMIT_LOC_STRINGS = NO;
				SWIFT_VERSION = 5.0;
				TARGETED_DEVICE_FAMILY = "1,2";
				TEST_TARGET_NAME = CalculatorApp;
			};
			name = Debug;
		};
		188CF7C32938EFC700F4D82C /* Release */ = {
			isa = XCBuildConfiguration;
			buildSettings = {
				ALWAYS_EMBED_SWIFT_STANDARD_LIBRARIES = YES;
				CODE_SIGN_STYLE = Automatic;
				CURRENT_PROJECT_VERSION = 1;
				GENERATE_INFOPLIST_FILE = YES;
				MARKETING_VERSION = 1.0;
				PRODUCT_BUNDLE_IDENTIFIER = com.rs.CalculatorAppUITests;
				PRODUCT_NAME = "$(TARGET_NAME)";
				SWIFT_EMIT_LOC_STRINGS = NO;
				SWIFT_VERSION = 5.0;
				TARGETED_DEVICE_FAMILY = "1,2";
				TEST_TARGET_NAME = CalculatorApp;
			};
			name = Release;
		};
/* End XCBuildConfiguration section */

/* Begin XCConfigurationList section */
		188CF7892938EFC300F4D82C /* Build configuration list for PBXProject "CalculatorApp" */ = {
			isa = XCConfigurationList;
			buildConfigurations = (
				188CF7B92938EFC700F4D82C /* Debug */,
				188CF7BA2938EFC700F4D82C /* Release */,
			);
			defaultConfigurationIsVisible = 0;
			defaultConfigurationName = Release;
		};
		188CF7BB2938EFC700F4D82C /* Build configuration list for PBXNativeTarget "CalculatorApp" */ = {
			isa = XCConfigurationList;
			buildConfigurations = (
				188CF7BC2938EFC700F4D82C /* Debug */,
				188CF7BD2938EFC700F4D82C /* Release */,
			);
			defaultConfigurationIsVisible = 0;
			defaultConfigurationName = Release;
		};
		188CF7BE2938EFC700F4D82C /* Build configuration list for PBXNativeTarget "CalculatorAppTests" */ = {
			isa = XCConfigurationList;
			buildConfigurations = (
				188CF7BF2938EFC700F4D82C /* Debug */,
				188CF7C02938EFC700F4D82C /* Release */,
			);
			defaultConfigurationIsVisible = 0;
			defaultConfigurationName = Release;
		};
		188CF7C12938EFC700F4D82C /* Build configuration list for PBXNativeTarget "CalculatorAppUITests" */ = {
			isa = XCConfigurationList;
			buildConfigurations = (
				188CF7C22938EFC700F4D82C /* Debug */,
				188CF7C32938EFC700F4D82C /* Release */,
			);
			defaultConfigurationIsVisible = 0;
			defaultConfigurationName = Release;
		};
/* End XCConfigurationList section */

/* Begin XCVersionGroup section */
		188CF79A2938EFC300F4D82C /* CalculatorApp.xcdatamodeld */ = {
			isa = XCVersionGroup;
			children = (
				188CF79B2938EFC300F4D82C /* CalculatorApp.xcdatamodel */,
			);
			currentVersion = 188CF79B2938EFC300F4D82C /* CalculatorApp.xcdatamodel */;
			path = CalculatorApp.xcdatamodeld;
			sourceTree = "<group>";
			versionGroupType = wrapper.xcdatamodel;
		};
/* End XCVersionGroup section */
	};
	rootObject = 188CF7862938EFC300F4D82C /* Project object */;
}
